
Microsoft Visual Studio Solution File, Format Version 12.00
# Visual Studio Version 17
VisualStudioVersion = 17.0.32112.339
MinimumVisualStudioVersion = 10.0.40219.1
Project("{9A19103F-16F7-4668-BE54-9A1E7A4F7556}") = "GrandMutusData6", "GrandMutusData6\GrandMutusData6.csproj", "{81660CF0-BE4B-4959-83FE-8D3181C24384}"
EndProject
Project("{9A19103F-16F7-4668-BE54-9A1E7A4F7556}") = "GrandMutusBase6", "GrandMutusBase6\GrandMutusBase6.csproj", "{DC44C579-4ACE-4C39-AC4F-9F5EFCD0C25A}"
EndProject
Global
	GlobalSection(SolutionConfigurationPlatforms) = preSolution
		Debug|Any CPU = Debug|Any CPU
		Release|Any CPU = Release|Any CPU
	EndGlobalSection
	GlobalSection(ProjectConfigurationPlatforms) = postSolution
		{81660CF0-BE4B-4959-83FE-8D3181C24384}.Debug|Any CPU.ActiveCfg = Debug|Any CPU
		{81660CF0-BE4B-4959-83FE-8D3181C24384}.Debug|Any CPU.Build.0 = Debug|Any CPU
		{81660CF0-BE4B-4959-83FE-8D3181C24384}.Release|Any CPU.ActiveCfg = Release|Any CPU
		{81660CF0-BE4B-4959-83FE-8D3181C24384}.Release|Any CPU.Build.0 = Release|Any CPU
		{DC44C579-4ACE-4C39-AC4F-9F5EFCD0C25A}.Debug|Any CPU.ActiveCfg = Debug|Any CPU
		{DC44C579-4ACE-4C39-AC4F-9F5EFCD0C25A}.Debug|Any CPU.Build.0 = Debug|Any CPU
		{DC44C579-4ACE-4C39-AC4F-9F5EFCD0C25A}.Release|Any CPU.ActiveCfg = Release|Any CPU
		{DC44C579-4ACE-4C39-AC4F-9F5EFCD0C25A}.Release|Any CPU.Build.0 = Release|Any CPU
	EndGlobalSection
	GlobalSection(SolutionProperties) = preSolution
		HideSolutionNode = FALSE
	EndGlobalSection
	GlobalSection(ExtensibilityGlobals) = postSolution
		SolutionGuid = {44215F54-8EEC-46B6-BC4C-A89A1A1EA7A0}
	EndGlobalSection
EndGlobal
