
Microsoft Visual Studio Solution File, Format Version 12.00
# Visual Studio 15
VisualStudioVersion = 15.0.28307.168
MinimumVisualStudioVersion = 10.0.40219.1
Project("{FAE04EC0-301F-11D3-BF4B-00C04F79EFBC}") = "GrandMutusData", "GrandMutusData\GrandMutusData.csproj", "{206B085B-F3C5-4CCB-AA5E-4111A1026A60}"
EndProject
Project("{FAE04EC0-301F-11D3-BF4B-00C04F79EFBC}") = "GrandMutusBase", "GrandMutusBase\GrandMutusBase.csproj", "{023E769A-F9CC-45C9-B418-687C9959F41C}"
EndProject
Global
	GlobalSection(SolutionConfigurationPlatforms) = preSolution
		Debug|Any CPU = Debug|Any CPU
		Release|Any CPU = Release|Any CPU
	EndGlobalSection
	GlobalSection(ProjectConfigurationPlatforms) = postSolution
		{206B085B-F3C5-4CCB-AA5E-4111A1026A60}.Debug|Any CPU.ActiveCfg = Debug|Any CPU
		{206B085B-F3C5-4CCB-AA5E-4111A1026A60}.Debug|Any CPU.Build.0 = Debug|Any CPU
		{206B085B-F3C5-4CCB-AA5E-4111A1026A60}.Release|Any CPU.ActiveCfg = Release|Any CPU
		{206B085B-F3C5-4CCB-AA5E-4111A1026A60}.Release|Any CPU.Build.0 = Release|Any CPU
		{023E769A-F9CC-45C9-B418-687C9959F41C}.Debug|Any CPU.ActiveCfg = Debug|Any CPU
		{023E769A-F9CC-45C9-B418-687C9959F41C}.Debug|Any CPU.Build.0 = Debug|Any CPU
		{023E769A-F9CC-45C9-B418-687C9959F41C}.Release|Any CPU.ActiveCfg = Release|Any CPU
		{023E769A-F9CC-45C9-B418-687C9959F41C}.Release|Any CPU.Build.0 = Release|Any CPU
	EndGlobalSection
	GlobalSection(SolutionProperties) = preSolution
		HideSolutionNode = FALSE
	EndGlobalSection
	GlobalSection(ExtensibilityGlobals) = postSolution
		SolutionGuid = {BF0446AB-BBF9-4495-8E24-8EA91B848183}
	EndGlobalSection
EndGlobal
